
Microsoft Visual Studio Solution File, Format Version 12.00
# Visual Studio Version 17
VisualStudioVersion = 17.6.33815.320
MinimumVisualStudioVersion = 10.0.40219.1
Project("{FAE04EC0-301F-11D3-BF4B-00C04F79EFBC}") = "Lab8- Phil’s-Lending-Library", "Lab8- Phil’s-Lending-Library.csproj", "{C91F5EE0-0483-4663-953E-1341DBF7F883}"
EndProject
Global
	GlobalSection(SolutionConfigurationPlatforms) = preSolution
		Debug|Any CPU = Debug|Any CPU
		Release|Any CPU = Release|Any CPU
	EndGlobalSection
	GlobalSection(ProjectConfigurationPlatforms) = postSolution
		{C91F5EE0-0483-4663-953E-1341DBF7F883}.Debug|Any CPU.ActiveCfg = Debug|Any CPU
		{C91F5EE0-0483-4663-953E-1341DBF7F883}.Debug|Any CPU.Build.0 = Debug|Any CPU
		{C91F5EE0-0483-4663-953E-1341DBF7F883}.Release|Any CPU.ActiveCfg = Release|Any CPU
		{C91F5EE0-0483-4663-953E-1341DBF7F883}.Release|Any CPU.Build.0 = Release|Any CPU
	EndGlobalSection
	GlobalSection(SolutionProperties) = preSolution
		HideSolutionNode = FALSE
	EndGlobalSection
	GlobalSection(ExtensibilityGlobals) = postSolution
		SolutionGuid = {D4CDBF1C-6DD4-4394-AE1E-9BF29068F439}
	EndGlobalSection
EndGlobal
